
Microsoft Visual Studio Solution File, Format Version 12.00
# Visual Studio Version 16
VisualStudioVersion = 16.0.29519.181
MinimumVisualStudioVersion = 10.0.40219.1
Project("{FAE04EC0-301F-11D3-BF4B-00C04F79EFBC}") = "DependencyInjectionDemo", "DependencyInjectionDemo\DependencyInjectionDemo.csproj", "{53E94868-FF2D-42E2-835F-D5B634211084}"
EndProject
Global
	GlobalSection(SolutionConfigurationPlatforms) = preSolution
		Debug|Any CPU = Debug|Any CPU
		Release|Any CPU = Release|Any CPU
	EndGlobalSection
	GlobalSection(ProjectConfigurationPlatforms) = postSolution
		{53E94868-FF2D-42E2-835F-D5B634211084}.Debug|Any CPU.ActiveCfg = Debug|Any CPU
		{53E94868-FF2D-42E2-835F-D5B634211084}.Debug|Any CPU.Build.0 = Debug|Any CPU
		{53E94868-FF2D-42E2-835F-D5B634211084}.Release|Any CPU.ActiveCfg = Release|Any CPU
		{53E94868-FF2D-42E2-835F-D5B634211084}.Release|Any CPU.Build.0 = Release|Any CPU
	EndGlobalSection
	GlobalSection(SolutionProperties) = preSolution
		HideSolutionNode = FALSE
	EndGlobalSection
	GlobalSection(ExtensibilityGlobals) = postSolution
		SolutionGuid = {A1442F97-8D31-433F-9DFA-2F1DCA27E53E}
	EndGlobalSection
EndGlobal
